
Microsoft Visual Studio Solution File, Format Version 12.00
# Visual Studio Version 17
VisualStudioVersion = 17.9.34701.34
MinimumVisualStudioVersion = 10.0.40219.1
Project("{9A19103F-16F7-4668-BE54-9A1E7A4F7556}") = "RecipeShopper.Api", "RecipeShopper.Api\RecipeShopper.Api.csproj", "{AB4A6146-36E1-4AF0-B0EC-B89225BB8001}"
EndProject
Project("{9A19103F-16F7-4668-BE54-9A1E7A4F7556}") = "RecipeShopper.Domain", "RecipeShopper.Domain\RecipeShopper.Domain.csproj", "{6463453E-192A-4AEC-85CC-0299FFD13F4B}"
EndProject
Project("{2150E333-8FDC-42A3-9474-1A3956D46DE8}") = "Source", "Source", "{CEE221CB-1BA3-4C42-9399-704046A11044}"
EndProject
Project("{2150E333-8FDC-42A3-9474-1A3956D46DE8}") = "UnitTests", "UnitTests", "{58079B30-06E5-470B-A691-6568C2FC52A6}"
EndProject
Project("{9A19103F-16F7-4668-BE54-9A1E7A4F7556}") = "RecipeShopper.CommandQuery.UnitTests", "RecipeShopper.CommandQuery.UnitTests\RecipeShopper.CommandQuery.UnitTests.csproj", "{FA7F1509-A83B-4081-A195-82849D615CF0}"
EndProject
Project("{9A19103F-16F7-4668-BE54-9A1E7A4F7556}") = "RecipeShopper.Domain.UnitTests", "RecipeShopper.Domain.UnitTests\RecipeShopper.Domain.UnitTests.csproj", "{83BB7CCE-6822-4E8D-9A0A-7B63AA27282A}"
EndProject
Project("{9A19103F-16F7-4668-BE54-9A1E7A4F7556}") = "RecipeShopper.Data.Repositories", "RecipeShopper.Data.Repositories\RecipeShopper.Data.Repositories.csproj", "{B4FF30C5-5BEE-4E23-873A-C187049AEC89}"
EndProject
Project("{2150E333-8FDC-42A3-9474-1A3956D46DE8}") = "Api", "Api", "{ECA4ACA7-1D6E-403A-BC8B-FE1420D5D7F6}"
EndProject
Project("{2150E333-8FDC-42A3-9474-1A3956D46DE8}") = "Domain", "Domain", "{36B48151-CB8C-417A-9558-8EBEE3FAB618}"
EndProject
Project("{9A19103F-16F7-4668-BE54-9A1E7A4F7556}") = "RecipeShopper.DBContexts", "RecipeShopper.DBContexts\RecipeShopper.DBContexts.csproj", "{4C18CE81-4BC6-439F-9457-DAAC15EB0555}"
EndProject
Project("{2150E333-8FDC-42A3-9474-1A3956D46DE8}") = "Application", "Application", "{591316F9-432B-4974-861C-169C83BDBDED}"
EndProject
Project("{2150E333-8FDC-42A3-9474-1A3956D46DE8}") = "Infrastructure", "Infrastructure", "{587D59E9-DE7B-4160-9C1A-B232847CF7A5}"
EndProject
Project("{9A19103F-16F7-4668-BE54-9A1E7A4F7556}") = "RecipeShopper.Application.Contracts", "RecipeShopper.Application.Contracts\RecipeShopper.Application.Contracts.csproj", "{45905408-01F2-4AA4-89B8-1D2C38BFE6F4}"
EndProject
Project("{9A19103F-16F7-4668-BE54-9A1E7A4F7556}") = "RecipeShopper.Application.Services", "RecipeShopper.Application.Services\RecipeShopper.Application.Services.csproj", "{0CA7256B-8B56-471F-81D1-CB68960D2455}"
EndProject
Global
	GlobalSection(SolutionConfigurationPlatforms) = preSolution
		Debug|Any CPU = Debug|Any CPU
		Release|Any CPU = Release|Any CPU
	EndGlobalSection
	GlobalSection(ProjectConfigurationPlatforms) = postSolution
		{AB4A6146-36E1-4AF0-B0EC-B89225BB8001}.Debug|Any CPU.ActiveCfg = Debug|Any CPU
		{AB4A6146-36E1-4AF0-B0EC-B89225BB8001}.Debug|Any CPU.Build.0 = Debug|Any CPU
		{AB4A6146-36E1-4AF0-B0EC-B89225BB8001}.Release|Any CPU.ActiveCfg = Release|Any CPU
		{AB4A6146-36E1-4AF0-B0EC-B89225BB8001}.Release|Any CPU.Build.0 = Release|Any CPU
		{6463453E-192A-4AEC-85CC-0299FFD13F4B}.Debug|Any CPU.ActiveCfg = Debug|Any CPU
		{6463453E-192A-4AEC-85CC-0299FFD13F4B}.Debug|Any CPU.Build.0 = Debug|Any CPU
		{6463453E-192A-4AEC-85CC-0299FFD13F4B}.Release|Any CPU.ActiveCfg = Release|Any CPU
		{6463453E-192A-4AEC-85CC-0299FFD13F4B}.Release|Any CPU.Build.0 = Release|Any CPU
		{FA7F1509-A83B-4081-A195-82849D615CF0}.Debug|Any CPU.ActiveCfg = Debug|Any CPU
		{FA7F1509-A83B-4081-A195-82849D615CF0}.Debug|Any CPU.Build.0 = Debug|Any CPU
		{FA7F1509-A83B-4081-A195-82849D615CF0}.Release|Any CPU.ActiveCfg = Release|Any CPU
		{FA7F1509-A83B-4081-A195-82849D615CF0}.Release|Any CPU.Build.0 = Release|Any CPU
		{83BB7CCE-6822-4E8D-9A0A-7B63AA27282A}.Debug|Any CPU.ActiveCfg = Debug|Any CPU
		{83BB7CCE-6822-4E8D-9A0A-7B63AA27282A}.Debug|Any CPU.Build.0 = Debug|Any CPU
		{83BB7CCE-6822-4E8D-9A0A-7B63AA27282A}.Release|Any CPU.ActiveCfg = Release|Any CPU
		{83BB7CCE-6822-4E8D-9A0A-7B63AA27282A}.Release|Any CPU.Build.0 = Release|Any CPU
		{B4FF30C5-5BEE-4E23-873A-C187049AEC89}.Debug|Any CPU.ActiveCfg = Debug|Any CPU
		{B4FF30C5-5BEE-4E23-873A-C187049AEC89}.Debug|Any CPU.Build.0 = Debug|Any CPU
		{B4FF30C5-5BEE-4E23-873A-C187049AEC89}.Release|Any CPU.ActiveCfg = Release|Any CPU
		{B4FF30C5-5BEE-4E23-873A-C187049AEC89}.Release|Any CPU.Build.0 = Release|Any CPU
		{4C18CE81-4BC6-439F-9457-DAAC15EB0555}.Debug|Any CPU.ActiveCfg = Debug|Any CPU
		{4C18CE81-4BC6-439F-9457-DAAC15EB0555}.Debug|Any CPU.Build.0 = Debug|Any CPU
		{4C18CE81-4BC6-439F-9457-DAAC15EB0555}.Release|Any CPU.ActiveCfg = Release|Any CPU
		{4C18CE81-4BC6-439F-9457-DAAC15EB0555}.Release|Any CPU.Build.0 = Release|Any CPU
		{45905408-01F2-4AA4-89B8-1D2C38BFE6F4}.Debug|Any CPU.ActiveCfg = Debug|Any CPU
		{45905408-01F2-4AA4-89B8-1D2C38BFE6F4}.Debug|Any CPU.Build.0 = Debug|Any CPU
		{45905408-01F2-4AA4-89B8-1D2C38BFE6F4}.Release|Any CPU.ActiveCfg = Release|Any CPU
		{45905408-01F2-4AA4-89B8-1D2C38BFE6F4}.Release|Any CPU.Build.0 = Release|Any CPU
		{0CA7256B-8B56-471F-81D1-CB68960D2455}.Debug|Any CPU.ActiveCfg = Debug|Any CPU
		{0CA7256B-8B56-471F-81D1-CB68960D2455}.Debug|Any CPU.Build.0 = Debug|Any CPU
		{0CA7256B-8B56-471F-81D1-CB68960D2455}.Release|Any CPU.ActiveCfg = Release|Any CPU
		{0CA7256B-8B56-471F-81D1-CB68960D2455}.Release|Any CPU.Build.0 = Release|Any CPU
	EndGlobalSection
	GlobalSection(SolutionProperties) = preSolution
		HideSolutionNode = FALSE
	EndGlobalSection
	GlobalSection(NestedProjects) = preSolution
		{AB4A6146-36E1-4AF0-B0EC-B89225BB8001} = {ECA4ACA7-1D6E-403A-BC8B-FE1420D5D7F6}
		{6463453E-192A-4AEC-85CC-0299FFD13F4B} = {36B48151-CB8C-417A-9558-8EBEE3FAB618}
		{FA7F1509-A83B-4081-A195-82849D615CF0} = {58079B30-06E5-470B-A691-6568C2FC52A6}
		{83BB7CCE-6822-4E8D-9A0A-7B63AA27282A} = {58079B30-06E5-470B-A691-6568C2FC52A6}
		{B4FF30C5-5BEE-4E23-873A-C187049AEC89} = {587D59E9-DE7B-4160-9C1A-B232847CF7A5}
		{ECA4ACA7-1D6E-403A-BC8B-FE1420D5D7F6} = {CEE221CB-1BA3-4C42-9399-704046A11044}
		{36B48151-CB8C-417A-9558-8EBEE3FAB618} = {CEE221CB-1BA3-4C42-9399-704046A11044}
		{4C18CE81-4BC6-439F-9457-DAAC15EB0555} = {587D59E9-DE7B-4160-9C1A-B232847CF7A5}
		{591316F9-432B-4974-861C-169C83BDBDED} = {CEE221CB-1BA3-4C42-9399-704046A11044}
		{587D59E9-DE7B-4160-9C1A-B232847CF7A5} = {CEE221CB-1BA3-4C42-9399-704046A11044}
		{45905408-01F2-4AA4-89B8-1D2C38BFE6F4} = {591316F9-432B-4974-861C-169C83BDBDED}
		{0CA7256B-8B56-471F-81D1-CB68960D2455} = {591316F9-432B-4974-861C-169C83BDBDED}
	EndGlobalSection
	GlobalSection(ExtensibilityGlobals) = postSolution
		SolutionGuid = {409380AE-45A1-4659-A84C-49B3D6C621A2}
	EndGlobalSection
EndGlobal
