
Microsoft Visual Studio Solution File, Format Version 12.00
# Visual Studio Version 17
VisualStudioVersion = 17.9.34701.34
MinimumVisualStudioVersion = 10.0.40219.1
Project("{9A19103F-16F7-4668-BE54-9A1E7A4F7556}") = "RecipeShopper.Api", "RecipeShopper.Api\RecipeShopper.Api.csproj", "{AB4A6146-36E1-4AF0-B0EC-B89225BB8001}"
EndProject
Project("{9A19103F-16F7-4668-BE54-9A1E7A4F7556}") = "RecipeShopper.Domain", "RecipeShopper.Domain\RecipeShopper.Domain.csproj", "{6463453E-192A-4AEC-85CC-0299FFD13F4B}"
EndProject
Project("{2150E333-8FDC-42A3-9474-1A3956D46DE8}") = "Source", "Source", "{CEE221CB-1BA3-4C42-9399-704046A11044}"
EndProject
Project("{2150E333-8FDC-42A3-9474-1A3956D46DE8}") = "UnitTests", "UnitTests", "{58079B30-06E5-470B-A691-6568C2FC52A6}"
EndProject
Project("{9A19103F-16F7-4668-BE54-9A1E7A4F7556}") = "RecipeShopper.Data", "RecipeShopper.Data\RecipeShopper.Data.csproj", "{570765AA-D6CE-46E1-8B77-58DEAF5C26AD}"
EndProject
Project("{9A19103F-16F7-4668-BE54-9A1E7A4F7556}") = "RecipeShopper.CommandQuery", "RecipeShopper.CommandQuery\RecipeShopper.CommandQuery.csproj", "{5DC66EF6-0018-4988-8BD1-6882617E31A4}"
EndProject
Project("{9A19103F-16F7-4668-BE54-9A1E7A4F7556}") = "RecipeShopper.CommandQuery.UnitTests", "RecipeShopper.CommandQuery.UnitTests\RecipeShopper.CommandQuery.UnitTests.csproj", "{FA7F1509-A83B-4081-A195-82849D615CF0}"
EndProject
Project("{9A19103F-16F7-4668-BE54-9A1E7A4F7556}") = "RecipeShopper.Domain.UnitTests", "RecipeShopper.Domain.UnitTests\RecipeShopper.Domain.UnitTests.csproj", "{83BB7CCE-6822-4E8D-9A0A-7B63AA27282A}"
EndProject
Project("{9A19103F-16F7-4668-BE54-9A1E7A4F7556}") = "RecipeShopper.Data.Migrations", "RecipeShopper.Data.Migrations\RecipeShopper.Data.Migrations.csproj", "{A5996CD4-383E-4D3B-A440-36274730FD40}"
EndProject
Project("{9A19103F-16F7-4668-BE54-9A1E7A4F7556}") = "RecipeShopper.Data.Repositories", "RecipeShopper.Data.Repositories\RecipeShopper.Data.Repositories.csproj", "{B4FF30C5-5BEE-4E23-873A-C187049AEC89}"
EndProject
Project("{2150E333-8FDC-42A3-9474-1A3956D46DE8}") = "Api", "Api", "{ECA4ACA7-1D6E-403A-BC8B-FE1420D5D7F6}"
EndProject
Project("{2150E333-8FDC-42A3-9474-1A3956D46DE8}") = "DBContexts", "DBContexts", "{AE12AB1F-DC26-4EB7-A32A-79789F5F57B9}"
EndProject
Project("{2150E333-8FDC-42A3-9474-1A3956D46DE8}") = "Domain", "Domain", "{36B48151-CB8C-417A-9558-8EBEE3FAB618}"
EndProject
Project("{2150E333-8FDC-42A3-9474-1A3956D46DE8}") = "CQRS", "CQRS", "{1EF3E969-EBE2-4319-AEEB-FF5772898DBF}"
EndProject
Project("{2150E333-8FDC-42A3-9474-1A3956D46DE8}") = "Data", "Data", "{EADEC543-FADE-4B5D-95D3-5D9FC61364DF}"
EndProject
Project("{9A19103F-16F7-4668-BE54-9A1E7A4F7556}") = "RecipeShopper.Data.Contracts", "RecipeShopper.Data.Contracts\RecipeShopper.Data.Contracts.csproj", "{22BE7257-FF6E-4B9C-9F9F-EFE8AFDC9EF5}"
EndProject
Project("{9A19103F-16F7-4668-BE54-9A1E7A4F7556}") = "RecipeShopper.AuthData.Migrations", "RecipeShopper.AuthData.Migrations\RecipeShopper.AuthData.Migrations.csproj", "{F560117D-F825-47D1-AB82-DB9CF75572FE}"
EndProject
Project("{FAE04EC0-301F-11D3-BF4B-00C04F79EFBC}") = "RecipeShopper.DBContexts", "RecipeShopper.DBContexts\RecipeShopper.DBContexts.csproj", "{4C18CE81-4BC6-439F-9457-DAAC15EB0555}"
EndProject
Global
	GlobalSection(SolutionConfigurationPlatforms) = preSolution
		Debug|Any CPU = Debug|Any CPU
		Release|Any CPU = Release|Any CPU
	EndGlobalSection
	GlobalSection(ProjectConfigurationPlatforms) = postSolution
		{AB4A6146-36E1-4AF0-B0EC-B89225BB8001}.Debug|Any CPU.ActiveCfg = Debug|Any CPU
		{AB4A6146-36E1-4AF0-B0EC-B89225BB8001}.Debug|Any CPU.Build.0 = Debug|Any CPU
		{AB4A6146-36E1-4AF0-B0EC-B89225BB8001}.Release|Any CPU.ActiveCfg = Release|Any CPU
		{AB4A6146-36E1-4AF0-B0EC-B89225BB8001}.Release|Any CPU.Build.0 = Release|Any CPU
		{6463453E-192A-4AEC-85CC-0299FFD13F4B}.Debug|Any CPU.ActiveCfg = Debug|Any CPU
		{6463453E-192A-4AEC-85CC-0299FFD13F4B}.Debug|Any CPU.Build.0 = Debug|Any CPU
		{6463453E-192A-4AEC-85CC-0299FFD13F4B}.Release|Any CPU.ActiveCfg = Release|Any CPU
		{6463453E-192A-4AEC-85CC-0299FFD13F4B}.Release|Any CPU.Build.0 = Release|Any CPU
		{570765AA-D6CE-46E1-8B77-58DEAF5C26AD}.Debug|Any CPU.ActiveCfg = Debug|Any CPU
		{570765AA-D6CE-46E1-8B77-58DEAF5C26AD}.Debug|Any CPU.Build.0 = Debug|Any CPU
		{570765AA-D6CE-46E1-8B77-58DEAF5C26AD}.Release|Any CPU.ActiveCfg = Release|Any CPU
		{570765AA-D6CE-46E1-8B77-58DEAF5C26AD}.Release|Any CPU.Build.0 = Release|Any CPU
		{5DC66EF6-0018-4988-8BD1-6882617E31A4}.Debug|Any CPU.ActiveCfg = Debug|Any CPU
		{5DC66EF6-0018-4988-8BD1-6882617E31A4}.Debug|Any CPU.Build.0 = Debug|Any CPU
		{5DC66EF6-0018-4988-8BD1-6882617E31A4}.Release|Any CPU.ActiveCfg = Release|Any CPU
		{5DC66EF6-0018-4988-8BD1-6882617E31A4}.Release|Any CPU.Build.0 = Release|Any CPU
		{FA7F1509-A83B-4081-A195-82849D615CF0}.Debug|Any CPU.ActiveCfg = Debug|Any CPU
		{FA7F1509-A83B-4081-A195-82849D615CF0}.Debug|Any CPU.Build.0 = Debug|Any CPU
		{FA7F1509-A83B-4081-A195-82849D615CF0}.Release|Any CPU.ActiveCfg = Release|Any CPU
		{FA7F1509-A83B-4081-A195-82849D615CF0}.Release|Any CPU.Build.0 = Release|Any CPU
		{83BB7CCE-6822-4E8D-9A0A-7B63AA27282A}.Debug|Any CPU.ActiveCfg = Debug|Any CPU
		{83BB7CCE-6822-4E8D-9A0A-7B63AA27282A}.Debug|Any CPU.Build.0 = Debug|Any CPU
		{83BB7CCE-6822-4E8D-9A0A-7B63AA27282A}.Release|Any CPU.ActiveCfg = Release|Any CPU
		{83BB7CCE-6822-4E8D-9A0A-7B63AA27282A}.Release|Any CPU.Build.0 = Release|Any CPU
		{A5996CD4-383E-4D3B-A440-36274730FD40}.Debug|Any CPU.ActiveCfg = Debug|Any CPU
		{A5996CD4-383E-4D3B-A440-36274730FD40}.Debug|Any CPU.Build.0 = Debug|Any CPU
		{A5996CD4-383E-4D3B-A440-36274730FD40}.Release|Any CPU.ActiveCfg = Release|Any CPU
		{A5996CD4-383E-4D3B-A440-36274730FD40}.Release|Any CPU.Build.0 = Release|Any CPU
		{B4FF30C5-5BEE-4E23-873A-C187049AEC89}.Debug|Any CPU.ActiveCfg = Debug|Any CPU
		{B4FF30C5-5BEE-4E23-873A-C187049AEC89}.Debug|Any CPU.Build.0 = Debug|Any CPU
		{B4FF30C5-5BEE-4E23-873A-C187049AEC89}.Release|Any CPU.ActiveCfg = Release|Any CPU
		{B4FF30C5-5BEE-4E23-873A-C187049AEC89}.Release|Any CPU.Build.0 = Release|Any CPU
		{22BE7257-FF6E-4B9C-9F9F-EFE8AFDC9EF5}.Debug|Any CPU.ActiveCfg = Debug|Any CPU
		{22BE7257-FF6E-4B9C-9F9F-EFE8AFDC9EF5}.Debug|Any CPU.Build.0 = Debug|Any CPU
		{22BE7257-FF6E-4B9C-9F9F-EFE8AFDC9EF5}.Release|Any CPU.ActiveCfg = Release|Any CPU
		{22BE7257-FF6E-4B9C-9F9F-EFE8AFDC9EF5}.Release|Any CPU.Build.0 = Release|Any CPU
		{F560117D-F825-47D1-AB82-DB9CF75572FE}.Debug|Any CPU.ActiveCfg = Debug|Any CPU
		{F560117D-F825-47D1-AB82-DB9CF75572FE}.Debug|Any CPU.Build.0 = Debug|Any CPU
		{F560117D-F825-47D1-AB82-DB9CF75572FE}.Release|Any CPU.ActiveCfg = Release|Any CPU
		{F560117D-F825-47D1-AB82-DB9CF75572FE}.Release|Any CPU.Build.0 = Release|Any CPU
		{4C18CE81-4BC6-439F-9457-DAAC15EB0555}.Debug|Any CPU.ActiveCfg = Debug|Any CPU
		{4C18CE81-4BC6-439F-9457-DAAC15EB0555}.Debug|Any CPU.Build.0 = Debug|Any CPU
		{4C18CE81-4BC6-439F-9457-DAAC15EB0555}.Release|Any CPU.ActiveCfg = Release|Any CPU
		{4C18CE81-4BC6-439F-9457-DAAC15EB0555}.Release|Any CPU.Build.0 = Release|Any CPU
	EndGlobalSection
	GlobalSection(SolutionProperties) = preSolution
		HideSolutionNode = FALSE
	EndGlobalSection
	GlobalSection(NestedProjects) = preSolution
		{AB4A6146-36E1-4AF0-B0EC-B89225BB8001} = {ECA4ACA7-1D6E-403A-BC8B-FE1420D5D7F6}
		{6463453E-192A-4AEC-85CC-0299FFD13F4B} = {36B48151-CB8C-417A-9558-8EBEE3FAB618}
		{570765AA-D6CE-46E1-8B77-58DEAF5C26AD} = {EADEC543-FADE-4B5D-95D3-5D9FC61364DF}
		{5DC66EF6-0018-4988-8BD1-6882617E31A4} = {1EF3E969-EBE2-4319-AEEB-FF5772898DBF}
		{FA7F1509-A83B-4081-A195-82849D615CF0} = {58079B30-06E5-470B-A691-6568C2FC52A6}
		{83BB7CCE-6822-4E8D-9A0A-7B63AA27282A} = {58079B30-06E5-470B-A691-6568C2FC52A6}
		{A5996CD4-383E-4D3B-A440-36274730FD40} = {AE12AB1F-DC26-4EB7-A32A-79789F5F57B9}
		{B4FF30C5-5BEE-4E23-873A-C187049AEC89} = {EADEC543-FADE-4B5D-95D3-5D9FC61364DF}
		{ECA4ACA7-1D6E-403A-BC8B-FE1420D5D7F6} = {CEE221CB-1BA3-4C42-9399-704046A11044}
		{AE12AB1F-DC26-4EB7-A32A-79789F5F57B9} = {CEE221CB-1BA3-4C42-9399-704046A11044}
		{36B48151-CB8C-417A-9558-8EBEE3FAB618} = {CEE221CB-1BA3-4C42-9399-704046A11044}
		{1EF3E969-EBE2-4319-AEEB-FF5772898DBF} = {CEE221CB-1BA3-4C42-9399-704046A11044}
		{EADEC543-FADE-4B5D-95D3-5D9FC61364DF} = {CEE221CB-1BA3-4C42-9399-704046A11044}
		{22BE7257-FF6E-4B9C-9F9F-EFE8AFDC9EF5} = {EADEC543-FADE-4B5D-95D3-5D9FC61364DF}
		{F560117D-F825-47D1-AB82-DB9CF75572FE} = {AE12AB1F-DC26-4EB7-A32A-79789F5F57B9}
		{4C18CE81-4BC6-439F-9457-DAAC15EB0555} = {AE12AB1F-DC26-4EB7-A32A-79789F5F57B9}
	EndGlobalSection
	GlobalSection(ExtensibilityGlobals) = postSolution
		SolutionGuid = {409380AE-45A1-4659-A84C-49B3D6C621A2}
	EndGlobalSection
EndGlobal
