
Microsoft Visual Studio Solution File, Format Version 12.00
# Visual Studio Version 17
VisualStudioVersion = 17.9.34701.34
MinimumVisualStudioVersion = 10.0.40219.1
Project("{FAE04EC0-301F-11D3-BF4B-00C04F79EFBC}") = "ConsoleApp2", "..\ConsoleApp2\ConsoleApp2.csproj", "{F779DEB3-9D28-472B-BA96-DB1D0AD2FBFF}"
EndProject
Global
	GlobalSection(SolutionConfigurationPlatforms) = preSolution
		Debug|Any CPU = Debug|Any CPU
		Release|Any CPU = Release|Any CPU
	EndGlobalSection
	GlobalSection(ProjectConfigurationPlatforms) = postSolution
		{F779DEB3-9D28-472B-BA96-DB1D0AD2FBFF}.Debug|Any CPU.ActiveCfg = Debug|Any CPU
		{F779DEB3-9D28-472B-BA96-DB1D0AD2FBFF}.Debug|Any CPU.Build.0 = Debug|Any CPU
		{F779DEB3-9D28-472B-BA96-DB1D0AD2FBFF}.Release|Any CPU.ActiveCfg = Release|Any CPU
		{F779DEB3-9D28-472B-BA96-DB1D0AD2FBFF}.Release|Any CPU.Build.0 = Release|Any CPU
	EndGlobalSection
	GlobalSection(SolutionProperties) = preSolution
		HideSolutionNode = FALSE
	EndGlobalSection
	GlobalSection(ExtensibilityGlobals) = postSolution
		SolutionGuid = {09ED77DC-8CAF-4F5D-AE02-92CEFC590B19}
	EndGlobalSection
EndGlobal
